
Microsoft Visual Studio Solution File, Format Version 12.00
# Visual Studio 15
Project("{FAE04EC0-301F-11D3-BF4B-00C04F79EFBC}") = "Opsive.UltimateCharacterController", "Opsive.UltimateCharacterController.csproj", "{F67C7E06-D64C-FF27-0146-25BC180DBCB1}"
EndProject
Project("{FAE04EC0-301F-11D3-BF4B-00C04F79EFBC}") = "Opsive.UltimateCharacterController.Demo", "Opsive.UltimateCharacterController.Demo.csproj", "{0EDE066A-4B15-7F52-3EEE-0DC2ABA3ADDD}"
EndProject
Project("{FAE04EC0-301F-11D3-BF4B-00C04F79EFBC}") = "Opsive.Shared", "Opsive.Shared.csproj", "{09187AAC-7A9F-DEC1-5EB7-E2B01EA888EA}"
EndProject
Project("{FAE04EC0-301F-11D3-BF4B-00C04F79EFBC}") = "Assembly-CSharp", "Assembly-CSharp.csproj", "{0A1222C2-6E0A-636C-1E9D-04A7728E6967}"
EndProject
Project("{FAE04EC0-301F-11D3-BF4B-00C04F79EFBC}") = "Opsive.UltimateCharacterController.Editor", "Opsive.UltimateCharacterController.Editor.csproj", "{0E1DEDA9-B323-5169-A7A4-6F1267DC2493}"
EndProject
Project("{FAE04EC0-301F-11D3-BF4B-00C04F79EFBC}") = "Opsive.UltimateCharacterController.Demo.Editor", "Opsive.UltimateCharacterController.Demo.Editor.csproj", "{2ADDC41C-4FFF-E409-6A8D-9B5CC0EBF4CE}"
EndProject
Project("{FAE04EC0-301F-11D3-BF4B-00C04F79EFBC}") = "Assembly-CSharp-Editor", "Assembly-CSharp-Editor.csproj", "{3AC1D04A-AC4A-3708-F58C-B4D1DE9CA892}"
EndProject
Project("{FAE04EC0-301F-11D3-BF4B-00C04F79EFBC}") = "Opsive.Shared.Editor", "Opsive.Shared.Editor.csproj", "{BAD92FA4-B9E5-1F7A-D64E-ED5B491CFDA9}"
EndProject
Global
	GlobalSection(SolutionConfigurationPlatforms) = preSolution
		Debug|Any CPU = Debug|Any CPU
		Release|Any CPU = Release|Any CPU
	EndGlobalSection
	GlobalSection(ProjectConfigurationPlatforms) = postSolution
		{F67C7E06-D64C-FF27-0146-25BC180DBCB1}.Debug|Any CPU.ActiveCfg = Debug|Any CPU
		{F67C7E06-D64C-FF27-0146-25BC180DBCB1}.Debug|Any CPU.Build.0 = Debug|Any CPU
		{F67C7E06-D64C-FF27-0146-25BC180DBCB1}.Release|Any CPU.ActiveCfg = Release|Any CPU
		{F67C7E06-D64C-FF27-0146-25BC180DBCB1}.Release|Any CPU.Build.0 = Release|Any CPU
		{0EDE066A-4B15-7F52-3EEE-0DC2ABA3ADDD}.Debug|Any CPU.ActiveCfg = Debug|Any CPU
		{0EDE066A-4B15-7F52-3EEE-0DC2ABA3ADDD}.Debug|Any CPU.Build.0 = Debug|Any CPU
		{0EDE066A-4B15-7F52-3EEE-0DC2ABA3ADDD}.Release|Any CPU.ActiveCfg = Release|Any CPU
		{0EDE066A-4B15-7F52-3EEE-0DC2ABA3ADDD}.Release|Any CPU.Build.0 = Release|Any CPU
		{09187AAC-7A9F-DEC1-5EB7-E2B01EA888EA}.Debug|Any CPU.ActiveCfg = Debug|Any CPU
		{09187AAC-7A9F-DEC1-5EB7-E2B01EA888EA}.Debug|Any CPU.Build.0 = Debug|Any CPU
		{09187AAC-7A9F-DEC1-5EB7-E2B01EA888EA}.Release|Any CPU.ActiveCfg = Release|Any CPU
		{09187AAC-7A9F-DEC1-5EB7-E2B01EA888EA}.Release|Any CPU.Build.0 = Release|Any CPU
		{0A1222C2-6E0A-636C-1E9D-04A7728E6967}.Debug|Any CPU.ActiveCfg = Debug|Any CPU
		{0A1222C2-6E0A-636C-1E9D-04A7728E6967}.Debug|Any CPU.Build.0 = Debug|Any CPU
		{0A1222C2-6E0A-636C-1E9D-04A7728E6967}.Release|Any CPU.ActiveCfg = Release|Any CPU
		{0A1222C2-6E0A-636C-1E9D-04A7728E6967}.Release|Any CPU.Build.0 = Release|Any CPU
		{0E1DEDA9-B323-5169-A7A4-6F1267DC2493}.Debug|Any CPU.ActiveCfg = Debug|Any CPU
		{0E1DEDA9-B323-5169-A7A4-6F1267DC2493}.Debug|Any CPU.Build.0 = Debug|Any CPU
		{0E1DEDA9-B323-5169-A7A4-6F1267DC2493}.Release|Any CPU.ActiveCfg = Release|Any CPU
		{0E1DEDA9-B323-5169-A7A4-6F1267DC2493}.Release|Any CPU.Build.0 = Release|Any CPU
		{2ADDC41C-4FFF-E409-6A8D-9B5CC0EBF4CE}.Debug|Any CPU.ActiveCfg = Debug|Any CPU
		{2ADDC41C-4FFF-E409-6A8D-9B5CC0EBF4CE}.Debug|Any CPU.Build.0 = Debug|Any CPU
		{2ADDC41C-4FFF-E409-6A8D-9B5CC0EBF4CE}.Release|Any CPU.ActiveCfg = Release|Any CPU
		{2ADDC41C-4FFF-E409-6A8D-9B5CC0EBF4CE}.Release|Any CPU.Build.0 = Release|Any CPU
		{3AC1D04A-AC4A-3708-F58C-B4D1DE9CA892}.Debug|Any CPU.ActiveCfg = Debug|Any CPU
		{3AC1D04A-AC4A-3708-F58C-B4D1DE9CA892}.Debug|Any CPU.Build.0 = Debug|Any CPU
		{3AC1D04A-AC4A-3708-F58C-B4D1DE9CA892}.Release|Any CPU.ActiveCfg = Release|Any CPU
		{3AC1D04A-AC4A-3708-F58C-B4D1DE9CA892}.Release|Any CPU.Build.0 = Release|Any CPU
		{BAD92FA4-B9E5-1F7A-D64E-ED5B491CFDA9}.Debug|Any CPU.ActiveCfg = Debug|Any CPU
		{BAD92FA4-B9E5-1F7A-D64E-ED5B491CFDA9}.Debug|Any CPU.Build.0 = Debug|Any CPU
		{BAD92FA4-B9E5-1F7A-D64E-ED5B491CFDA9}.Release|Any CPU.ActiveCfg = Release|Any CPU
		{BAD92FA4-B9E5-1F7A-D64E-ED5B491CFDA9}.Release|Any CPU.Build.0 = Release|Any CPU
	EndGlobalSection
	GlobalSection(SolutionProperties) = preSolution
		HideSolutionNode = FALSE
	EndGlobalSection
EndGlobal
